// !$*UTF8*$!
{
	archiveVersion = 1;
	classes = {
	};
	objectVersion = 50;
	objects = {

/* Begin PBXBuildFile section */
		7A03FDE024238B9100A9BF1B /* Image.swift in Sources */ = {isa = PBXBuildFile; fileRef = 7A03FDDF24238B9100A9BF1B /* Image.swift */; };
		7A03FDE32423C8ED00A9BF1B /* ImageBrain.swift in Sources */ = {isa = PBXBuildFile; fileRef = 7A03FDE22423C8ED00A9BF1B /* ImageBrain.swift */; };
		7A2DABC92425076400882BE7 /* SeasonalParticle.sks in Resources */ = {isa = PBXBuildFile; fileRef = 7A2DABC72425076400882BE7 /* SeasonalParticle.sks */; };
		7A2DABCA2425076400882BE7 /* Assets.xcassets in Resources */ = {isa = PBXBuildFile; fileRef = 7A2DABC82425076400882BE7 /* Assets.xcassets */; };
		7A66AA1924225D41006448E9 /* ResultVC.swift in Sources */ = {isa = PBXBuildFile; fileRef = 7A66AA1824225D41006448E9 /* ResultVC.swift */; };
		7AB212E5241BD7E1008BDD14 /* AppDelegate.swift in Sources */ = {isa = PBXBuildFile; fileRef = 7AB212E4241BD7E1008BDD14 /* AppDelegate.swift */; };
		7AB212E7241BD7E1008BDD14 /* SceneDelegate.swift in Sources */ = {isa = PBXBuildFile; fileRef = 7AB212E6241BD7E1008BDD14 /* SceneDelegate.swift */; };
		7AB212E9241BD7E1008BDD14 /* ViewController.swift in Sources */ = {isa = PBXBuildFile; fileRef = 7AB212E8241BD7E1008BDD14 /* ViewController.swift */; };
		7AB212EC241BD7E1008BDD14 /* Main.storyboard in Resources */ = {isa = PBXBuildFile; fileRef = 7AB212EA241BD7E1008BDD14 /* Main.storyboard */; };
		7AB212EE241BD7E5008BDD14 /* Assets.xcassets in Resources */ = {isa = PBXBuildFile; fileRef = 7AB212ED241BD7E5008BDD14 /* Assets.xcassets */; };
		7AB212F1241BD7E5008BDD14 /* LaunchScreen.storyboard in Resources */ = {isa = PBXBuildFile; fileRef = 7AB212EF241BD7E5008BDD14 /* LaunchScreen.storyboard */; };
/* End PBXBuildFile section */

/* Begin PBXFileReference section */
		7A03FDDF24238B9100A9BF1B /* Image.swift */ = {isa = PBXFileReference; lastKnownFileType = sourcecode.swift; path = Image.swift; sourceTree = "<group>"; };
		7A03FDE22423C8ED00A9BF1B /* ImageBrain.swift */ = {isa = PBXFileReference; lastKnownFileType = sourcecode.swift; path = ImageBrain.swift; sourceTree = "<group>"; };
		7A2DABC72425076400882BE7 /* SeasonalParticle.sks */ = {isa = PBXFileReference; lastKnownFileType = file.sks; name = SeasonalParticle.sks; path = WonderlandBar/Models/SeasonalParticle.sks; sourceTree = SOURCE_ROOT; };
		7A2DABC82425076400882BE7 /* Assets.xcassets */ = {isa = PBXFileReference; lastKnownFileType = folder.assetcatalog; name = Assets.xcassets; path = WonderlandBar/Models/Assets.xcassets; sourceTree = SOURCE_ROOT; };
		7A66AA1824225D41006448E9 /* ResultVC.swift */ = {isa = PBXFileReference; lastKnownFileType = sourcecode.swift; path = ResultVC.swift; sourceTree = "<group>"; };
		7AB212E1241BD7E1008BDD14 /* WonderlandBar.app */ = {isa = PBXFileReference; explicitFileType = wrapper.application; includeInIndex = 0; path = WonderlandBar.app; sourceTree = BUILT_PRODUCTS_DIR; };
		7AB212E4241BD7E1008BDD14 /* AppDelegate.swift */ = {isa = PBXFileReference; lastKnownFileType = sourcecode.swift; path = AppDelegate.swift; sourceTree = "<group>"; };
		7AB212E6241BD7E1008BDD14 /* SceneDelegate.swift */ = {isa = PBXFileReference; lastKnownFileType = sourcecode.swift; path = SceneDelegate.swift; sourceTree = "<group>"; };
		7AB212E8241BD7E1008BDD14 /* ViewController.swift */ = {isa = PBXFileReference; lastKnownFileType = sourcecode.swift; path = ViewController.swift; sourceTree = "<group>"; };
		7AB212EB241BD7E1008BDD14 /* Base */ = {isa = PBXFileReference; lastKnownFileType = file.storyboard; name = Base; path = Base.lproj/Main.storyboard; sourceTree = "<group>"; };
		7AB212ED241BD7E5008BDD14 /* Assets.xcassets */ = {isa = PBXFileReference; lastKnownFileType = folder.assetcatalog; path = Assets.xcassets; sourceTree = "<group>"; };
		7AB212F0241BD7E5008BDD14 /* Base */ = {isa = PBXFileReference; lastKnownFileType = file.storyboard; name = Base; path = Base.lproj/LaunchScreen.storyboard; sourceTree = "<group>"; };
		7AB212F2241BD7E5008BDD14 /* Info.plist */ = {isa = PBXFileReference; lastKnownFileType = text.plist.xml; path = Info.plist; sourceTree = "<group>"; };
/* End PBXFileReference section */

/* Begin PBXFrameworksBuildPhase section */
		7AB212DE241BD7E1008BDD14 /* Frameworks */ = {
			isa = PBXFrameworksBuildPhase;
			buildActionMask = 2147483647;
			files = (
			);
			runOnlyForDeploymentPostprocessing = 0;
		};
/* End PBXFrameworksBuildPhase section */

/* Begin PBXGroup section */
		7A03FDDE24238B4000A9BF1B /* Views */ = {
			isa = PBXGroup;
			children = (
				7AB212EA241BD7E1008BDD14 /* Main.storyboard */,
			);
			path = Views;
			sourceTree = "<group>";
		};
		7A03FDE124238B9B00A9BF1B /* Models */ = {
			isa = PBXGroup;
			children = (
				7A03FDDF24238B9100A9BF1B /* Image.swift */,
				7A03FDE22423C8ED00A9BF1B /* ImageBrain.swift */,
			);
			path = Models;
			sourceTree = "<group>";
		};
		7A66AA1A24225D50006448E9 /* Controllers */ = {
			isa = PBXGroup;
			children = (
				7AB212E8241BD7E1008BDD14 /* ViewController.swift */,
				7A2DABC72425076400882BE7 /* SeasonalParticle.sks */,
				7A2DABC82425076400882BE7 /* Assets.xcassets */,
				7A66AA1824225D41006448E9 /* ResultVC.swift */,
			);
			path = Controllers;
			sourceTree = "<group>";
		};
		7AB212D8241BD7E0008BDD14 = {
			isa = PBXGroup;
			children = (
				7AB212E3241BD7E1008BDD14 /* WonderlandBar */,
				7AB212E2241BD7E1008BDD14 /* Products */,
			);
			sourceTree = "<group>";
		};
		7AB212E2241BD7E1008BDD14 /* Products */ = {
			isa = PBXGroup;
			children = (
				7AB212E1241BD7E1008BDD14 /* WonderlandBar.app */,
			);
			name = Products;
			sourceTree = "<group>";
		};
		7AB212E3241BD7E1008BDD14 /* WonderlandBar */ = {
			isa = PBXGroup;
			children = (
				7AB212E4241BD7E1008BDD14 /* AppDelegate.swift */,
				7AB212E6241BD7E1008BDD14 /* SceneDelegate.swift */,
				7A03FDE124238B9B00A9BF1B /* Models */,
				7A03FDDE24238B4000A9BF1B /* Views */,
				7A66AA1A24225D50006448E9 /* Controllers */,
				7AB212ED241BD7E5008BDD14 /* Assets.xcassets */,
				7AB212EF241BD7E5008BDD14 /* LaunchScreen.storyboard */,
				7AB212F2241BD7E5008BDD14 /* Info.plist */,
			);
			path = WonderlandBar;
			sourceTree = "<group>";
		};
/* End PBXGroup section */

/* Begin PBXNativeTarget section */
		7AB212E0241BD7E1008BDD14 /* WonderlandBar */ = {
			isa = PBXNativeTarget;
			buildConfigurationList = 7AB212F5241BD7E5008BDD14 /* Build configuration list for PBXNativeTarget "WonderlandBar" */;
			buildPhases = (
				7AB212DD241BD7E1008BDD14 /* Sources */,
				7AB212DE241BD7E1008BDD14 /* Frameworks */,
				7AB212DF241BD7E1008BDD14 /* Resources */,
			);
			buildRules = (
			);
			dependencies = (
			);
			name = WonderlandBar;
			productName = Q2;
			productReference = 7AB212E1241BD7E1008BDD14 /* WonderlandBar.app */;
			productType = "com.apple.product-type.application";
		};
/* End PBXNativeTarget section */

/* Begin PBXProject section */
		7AB212D9241BD7E0008BDD14 /* Project object */ = {
			isa = PBXProject;
			attributes = {
				LastSwiftUpdateCheck = 1110;
				LastUpgradeCheck = 1110;
				ORGANIZATIONNAME = "Penny Huang";
				TargetAttributes = {
					7AB212E0241BD7E1008BDD14 = {
						CreatedOnToolsVersion = 11.1;
					};
				};
			};
			buildConfigurationList = 7AB212DC241BD7E0008BDD14 /* Build configuration list for PBXProject "WonderlandBar" */;
			compatibilityVersion = "Xcode 9.3";
			developmentRegion = en;
			hasScannedForEncodings = 0;
			knownRegions = (
				en,
				Base,
			);
			mainGroup = 7AB212D8241BD7E0008BDD14;
			productRefGroup = 7AB212E2241BD7E1008BDD14 /* Products */;
			projectDirPath = "";
			projectRoot = "";
			targets = (
				7AB212E0241BD7E1008BDD14 /* WonderlandBar */,
			);
		};
/* End PBXProject section */

/* Begin PBXResourcesBuildPhase section */
		7AB212DF241BD7E1008BDD14 /* Resources */ = {
			isa = PBXResourcesBuildPhase;
			buildActionMask = 2147483647;
			files = (
				7AB212F1241BD7E5008BDD14 /* LaunchScreen.storyboard in Resources */,
				7A2DABC92425076400882BE7 /* SeasonalParticle.sks in Resources */,
				7AB212EE241BD7E5008BDD14 /* Assets.xcassets in Resources */,
				7AB212EC241BD7E1008BDD14 /* Main.storyboard in Resources */,
				7A2DABCA2425076400882BE7 /* Assets.xcassets in Resources */,
			);
			runOnlyForDeploymentPostprocessing = 0;
		};
/* End PBXResourcesBuildPhase section */

/* Begin PBXSourcesBuildPhase section */
		7AB212DD241BD7E1008BDD14 /* Sources */ = {
			isa = PBXSourcesBuildPhase;
			buildActionMask = 2147483647;
			files = (
				7A03FDE32423C8ED00A9BF1B /* ImageBrain.swift in Sources */,
				7AB212E9241BD7E1008BDD14 /* ViewController.swift in Sources */,
				7A66AA1924225D41006448E9 /* ResultVC.swift in Sources */,
				7AB212E5241BD7E1008BDD14 /* AppDelegate.swift in Sources */,
				7AB212E7241BD7E1008BDD14 /* SceneDelegate.swift in Sources */,
				7A03FDE024238B9100A9BF1B /* Image.swift in Sources */,
			);
			runOnlyForDeploymentPostprocessing = 0;
		};
/* End PBXSourcesBuildPhase section */

/* Begin PBXVariantGroup section */
		7AB212EA241BD7E1008BDD14 /* Main.storyboard */ = {
			isa = PBXVariantGroup;
			children = (
				7AB212EB241BD7E1008BDD14 /* Base */,
			);
			name = Main.storyboard;
			sourceTree = "<group>";
		};
		7AB212EF241BD7E5008BDD14 /* LaunchScreen.storyboard */ = {
			isa = PBXVariantGroup;
			children = (
				7AB212F0241BD7E5008BDD14 /* Base */,
			);
			name = LaunchScreen.storyboard;
			sourceTree = "<group>";
		};
/* End PBXVariantGroup section */

/* Begin XCBuildConfiguration section */
		7AB212F3241BD7E5008BDD14 /* Debug */ = {
			isa = XCBuildConfiguration;
			buildSettings = {
				ALWAYS_SEARCH_USER_PATHS = NO;
				CLANG_ANALYZER_NONNULL = YES;
				CLANG_ANALYZER_NUMBER_OBJECT_CONVERSION = YES_AGGRESSIVE;
				CLANG_CXX_LANGUAGE_STANDARD = "gnu++14";
				CLANG_CXX_LIBRARY = "libc++";
				CLANG_ENABLE_MODULES = YES;
				CLANG_ENABLE_OBJC_ARC = YES;
				CLANG_ENABLE_OBJC_WEAK = YES;
				CLANG_WARN_BLOCK_CAPTURE_AUTORELEASING = YES;
				CLANG_WARN_BOOL_CONVERSION = YES;
				CLANG_WARN_COMMA = YES;
				CLANG_WARN_CONSTANT_CONVERSION = YES;
				CLANG_WARN_DEPRECATED_OBJC_IMPLEMENTATIONS = YES;
				CLANG_WARN_DIRECT_OBJC_ISA_USAGE = YES_ERROR;
				CLANG_WARN_DOCUMENTATION_COMMENTS = YES;
				CLANG_WARN_EMPTY_BODY = YES;
				CLANG_WARN_ENUM_CONVERSION = YES;
				CLANG_WARN_INFINITE_RECURSION = YES;
				CLANG_WARN_INT_CONVERSION = YES;
				CLANG_WARN_NON_LITERAL_NULL_CONVERSION = YES;
				CLANG_WARN_OBJC_IMPLICIT_RETAIN_SELF = YES;
				CLANG_WARN_OBJC_LITERAL_CONVERSION = YES;
				CLANG_WARN_OBJC_ROOT_CLASS = YES_ERROR;
				CLANG_WARN_RANGE_LOOP_ANALYSIS = YES;
				CLANG_WARN_STRICT_PROTOTYPES = YES;
				CLANG_WARN_SUSPICIOUS_MOVE = YES;
				CLANG_WARN_UNGUARDED_AVAILABILITY = YES_AGGRESSIVE;
				CLANG_WARN_UNREACHABLE_CODE = YES;
				CLANG_WARN__DUPLICATE_METHOD_MATCH = YES;
				COPY_PHASE_STRIP = NO;
				DEBUG_INFORMATION_FORMAT = dwarf;
				ENABLE_STRICT_OBJC_MSGSEND = YES;
				ENABLE_TESTABILITY = YES;
				GCC_C_LANGUAGE_STANDARD = gnu11;
				GCC_DYNAMIC_NO_PIC = NO;
				GCC_NO_COMMON_BLOCKS = YES;
				GCC_OPTIMIZATION_LEVEL = 0;
				GCC_PREPROCESSOR_DEFINITIONS = (
					"DEBUG=1",
					"$(inherited)",
				);
				GCC_WARN_64_TO_32_BIT_CONVERSION = YES;
				GCC_WARN_ABOUT_RETURN_TYPE = YES_ERROR;
				GCC_WARN_UNDECLARED_SELECTOR = YES;
				GCC_WARN_UNINITIALIZED_AUTOS = YES_AGGRESSIVE;
				GCC_WARN_UNUSED_FUNCTION = YES;
				GCC_WARN_UNUSED_VARIABLE = YES;
				IPHONEOS_DEPLOYMENT_TARGET = 13.1;
				MTL_ENABLE_DEBUG_INFO = INCLUDE_SOURCE;
				MTL_FAST_MATH = YES;
				ONLY_ACTIVE_ARCH = YES;
				SDKROOT = iphoneos;
				SWIFT_ACTIVE_COMPILATION_CONDITIONS = DEBUG;
				SWIFT_OPTIMIZATION_LEVEL = "-Onone";
			};
			name = Debug;
		};
		7AB212F4241BD7E5008BDD14 /* Release */ = {
			isa = XCBuildConfiguration;
			buildSettings = {
				ALWAYS_SEARCH_USER_PATHS = NO;
				CLANG_ANALYZER_NONNULL = YES;
				CLANG_ANALYZER_NUMBER_OBJECT_CONVERSION = YES_AGGRESSIVE;
				CLANG_CXX_LANGUAGE_STANDARD = "gnu++14";
				CLANG_CXX_LIBRARY = "libc++";
				CLANG_ENABLE_MODULES = YES;
				CLANG_ENABLE_OBJC_ARC = YES;
				CLANG_ENABLE_OBJC_WEAK = YES;
				CLANG_WARN_BLOCK_CAPTURE_AUTORELEASING = YES;
				CLANG_WARN_BOOL_CONVERSION = YES;
				CLANG_WARN_COMMA = YES;
				CLANG_WARN_CONSTANT_CONVERSION = YES;
				CLANG_WARN_DEPRECATED_OBJC_IMPLEMENTATIONS = YES;
				CLANG_WARN_DIRECT_OBJC_ISA_USAGE = YES_ERROR;
				CLANG_WARN_DOCUMENTATION_COMMENTS = YES;
				CLANG_WARN_EMPTY_BODY = YES;
				CLANG_WARN_ENUM_CONVERSION = YES;
				CLANG_WARN_INFINITE_RECURSION = YES;
				CLANG_WARN_INT_CONVERSION = YES;
				CLANG_WARN_NON_LITERAL_NULL_CONVERSION = YES;
				CLANG_WARN_OBJC_IMPLICIT_RETAIN_SELF = YES;
				CLANG_WARN_OBJC_LITERAL_CONVERSION = YES;
				CLANG_WARN_OBJC_ROOT_CLASS = YES_ERROR;
				CLANG_WARN_RANGE_LOOP_ANALYSIS = YES;
				CLANG_WARN_STRICT_PROTOTYPES = YES;
				CLANG_WARN_SUSPICIOUS_MOVE = YES;
				CLANG_WARN_UNGUARDED_AVAILABILITY = YES_AGGRESSIVE;
				CLANG_WARN_UNREACHABLE_CODE = YES;
				CLANG_WARN__DUPLICATE_METHOD_MATCH = YES;
				COPY_PHASE_STRIP = NO;
				DEBUG_INFORMATION_FORMAT = "dwarf-with-dsym";
				ENABLE_NS_ASSERTIONS = NO;
				ENABLE_STRICT_OBJC_MSGSEND = YES;
				GCC_C_LANGUAGE_STANDARD = gnu11;
				GCC_NO_COMMON_BLOCKS = YES;
				GCC_WARN_64_TO_32_BIT_CONVERSION = YES;
				GCC_WARN_ABOUT_RETURN_TYPE = YES_ERROR;
				GCC_WARN_UNDECLARED_SELECTOR = YES;
				GCC_WARN_UNINITIALIZED_AUTOS = YES_AGGRESSIVE;
				GCC_WARN_UNUSED_FUNCTION = YES;
				GCC_WARN_UNUSED_VARIABLE = YES;
				IPHONEOS_DEPLOYMENT_TARGET = 13.1;
				MTL_ENABLE_DEBUG_INFO = NO;
				MTL_FAST_MATH = YES;
				SDKROOT = iphoneos;
				SWIFT_COMPILATION_MODE = wholemodule;
				SWIFT_OPTIMIZATION_LEVEL = "-O";
				VALIDATE_PRODUCT = YES;
			};
			name = Release;
		};
		7AB212F6241BD7E5008BDD14 /* Debug */ = {
			isa = XCBuildConfiguration;
			buildSettings = {
				ASSETCATALOG_COMPILER_APPICON_NAME = AppIcon;
				CODE_SIGN_STYLE = Automatic;
				DEVELOPMENT_TEAM = B8PRWQ47YB;
				INFOPLIST_FILE = WonderlandBar/Info.plist;
				LD_RUNPATH_SEARCH_PATHS = (
					"$(inherited)",
					"@executable_path/Frameworks",
				);
				PRODUCT_BUNDLE_IDENTIFIER = phuanggh.Q2;
				PRODUCT_NAME = "$(TARGET_NAME)";
				SWIFT_VERSION = 5.0;
				TARGETED_DEVICE_FAMILY = "1,2";
			};
			name = Debug;
		};
		7AB212F7241BD7E5008BDD14 /* Release */ = {
			isa = XCBuildConfiguration;
			buildSettings = {
				ASSETCATALOG_COMPILER_APPICON_NAME = AppIcon;
				CODE_SIGN_STYLE = Automatic;
				DEVELOPMENT_TEAM = B8PRWQ47YB;
				INFOPLIST_FILE = WonderlandBar/Info.plist;
				LD_RUNPATH_SEARCH_PATHS = (
					"$(inherited)",
					"@executable_path/Frameworks",
				);
				PRODUCT_BUNDLE_IDENTIFIER = phuanggh.Q2;
				PRODUCT_NAME = "$(TARGET_NAME)";
				SWIFT_VERSION = 5.0;
				TARGETED_DEVICE_FAMILY = "1,2";
			};
			name = Release;
		};
/* End XCBuildConfiguration section */

/* Begin XCConfigurationList section */
		7AB212DC241BD7E0008BDD14 /* Build configuration list for PBXProject "WonderlandBar" */ = {
			isa = XCConfigurationList;
			buildConfigurations = (
				7AB212F3241BD7E5008BDD14 /* Debug */,
				7AB212F4241BD7E5008BDD14 /* Release */,
			);
			defaultConfigurationIsVisible = 0;
			defaultConfigurationName = Release;
		};
		7AB212F5241BD7E5008BDD14 /* Build configuration list for PBXNativeTarget "WonderlandBar" */ = {
			isa = XCConfigurationList;
			buildConfigurations = (
				7AB212F6241BD7E5008BDD14 /* Debug */,
				7AB212F7241BD7E5008BDD14 /* Release */,
			);
			defaultConfigurationIsVisible = 0;
			defaultConfigurationName = Release;
		};
/* End XCConfigurationList section */
	};
	rootObject = 7AB212D9241BD7E0008BDD14 /* Project object */;
}
